{
    "name": "splicejs.modules",
    "version": "1.0.0",
    "lockfileVersion": 1,
    "requires": true,
    "dependencies": {
        "node-http-server": {
            "version": "file:../node-http-server",
            "dev": true
        },
        "sjs-loader": {
            "version": "file:../SpliceJS",
            "dev": true
        }
    }
}
